<?xml version="1.0" encoding="utf-8"?>
<Project ToolsVersion="4.0" xmlns="http://schemas.microsoft.com/developer/msbuild/2003">
  <ItemGroup>
    <Filter Include="Source Files">
      <UniqueIdentifier>{4FC737F1-C7A5-4376-A066-2A32D752A2FF}</UniqueIdentifier>
      <Extensions>cpp;c;cc;cxx;def;odl;idl;hpj;bat;asm;asmx</Extensions>
    </Filter>
    <Filter Include="Header Files">
      <UniqueIdentifier>{93995380-89BD-4b04-88EB-625FBE52EBFB}</UniqueIdentifier>
      <Extensions>h;hh;hpp;hxx;hm;inl;inc;xsd</Extensions>
    </Filter>
    <Filter Include="Resource Files">
      <UniqueIdentifier>{67DA6AB6-F800-4c08-8B7A-83BB121AAD01}</UniqueIdentifier>
      <Extensions>rc;ico;cur;bmp;dlg;rc2;rct;bin;rgs;gif;jpg;jpeg;jpe;resx;tiff;tif;png;wav;mfcribbon-ms</Extensions>
    </Filter>
    <Filter Include="Header Files\RNA">
      <UniqueIdentifier>{63b3496b-d56b-4ffe-9d28-7a99926493a8}</UniqueIdentifier>
    </Filter>
    <Filter Include="Header Files\Neurons">
      <UniqueIdentifier>{fccadf42-d255-4a4f-a5ee-e1d991b5d902}</UniqueIdentifier>
    </Filter>
    <Filter Include="Source Files\RNA">
      <UniqueIdentifier>{44f82142-8c16-4775-a22d-ddbf28ea01d6}</UniqueIdentifier>
    </Filter>
  </ItemGroup>
  <ItemGroup>
    <ClInclude Include="FENNConfig.h">
      <Filter>Header Files</Filter>
    </ClInclude>
    <ClInclude Include="FENNRNA.h">
      <Filter>Header Files\RNA</Filter>
    </ClInclude>
    <ClInclude Include="FENNNeuronBase.h">
      <Filter>Header Files\Neurons</Filter>
    </ClInclude>
    <ClInclude Include="FENNWorld.h">
      <Filter>Header Files</Filter>
    </ClInclude>
    <ClInclude Include="FENNRandom.h">
      <Filter>Header Files</Filter>
    </ClInclude>
  </ItemGroup>
  <ItemGroup>
    <ClCompile Include="FENNWorld.cpp">
      <Filter>Source Files</Filter>
    </ClCompile>
    <ClCompile Include="FENNRNA.cpp">
      <Filter>Source Files\RNA</Filter>
    </ClCompile>
    <ClCompile Include="FENNRandom.cpp">
      <Filter>Source Files</Filter>
    </ClCompile>
  </ItemGroup>
</Project>